
Microsoft Visual Studio Solution File, Format Version 12.00
# Visual Studio Version 17
VisualStudioVersion = 17.0.31903.59
MinimumVisualStudioVersion = 10.0.40219.1
Project("{FAE04EC0-301F-11D3-BF4B-00C04F79EFBC}") = "ProductFeederService.Application", "ProductFeederService.Application\ProductFeederService.Application.csproj", "{01DB0C35-1AC0-4472-8067-82C84BF6AC9A}"
EndProject
Project("{FAE04EC0-301F-11D3-BF4B-00C04F79EFBC}") = "ProductFeederService.Infra.IoC", "ProductFeederService.Infra.IoC\ProductFeederService.Infra.IoC.csproj", "{526C6DB2-9D06-40D3-BB18-4693E64AD37F}"
EndProject
Project("{FAE04EC0-301F-11D3-BF4B-00C04F79EFBC}") = "ProductFeederService.Worker", "ProductFeederService.Worker\ProductFeederService.Worker.csproj", "{3AD79BCF-4D88-4AD9-81BE-4A1D4C1A2E1B}"
EndProject
Project("{FAE04EC0-301F-11D3-BF4B-00C04F79EFBC}") = "ProductFeederService.Infra.Data", "ProductFeederService.Infra.Data\ProductFeederService.Infra.Data.csproj", "{220ADA31-9A0D-48F0-82A6-240A3C6DC627}"
EndProject
Project("{FAE04EC0-301F-11D3-BF4B-00C04F79EFBC}") = "ProductFeederService.Domain", "ProductFeederService.Domain\ProductFeederService.Domain.csproj", "{1E8956CA-4B89-4283-8639-D5DE405DD444}"
EndProject
Project("{FAE04EC0-301F-11D3-BF4B-00C04F79EFBC}") = "ProductFeederService.ExternalAPI", "ProductFeederService.ExternalAPI\ProductFeederService.ExternalAPI.csproj", "{EACCAD77-4F7F-4309-9C6A-7600E0CCB9B1}"
EndProject
Project("{FAE04EC0-301F-11D3-BF4B-00C04F79EFBC}") = "ProductFeederService.Service.Tests", "ProductFeederService.Service.Tests\ProductFeederService.Service.Tests.csproj", "{3EB5980D-91CA-4023-9C1C-61113E174AB8}"
EndProject
Global
	GlobalSection(SolutionConfigurationPlatforms) = preSolution
		Debug|Any CPU = Debug|Any CPU
		Release|Any CPU = Release|Any CPU
	EndGlobalSection
	GlobalSection(SolutionProperties) = preSolution
		HideSolutionNode = FALSE
	EndGlobalSection
	GlobalSection(ProjectConfigurationPlatforms) = postSolution
		{01DB0C35-1AC0-4472-8067-82C84BF6AC9A}.Debug|Any CPU.ActiveCfg = Debug|Any CPU
		{01DB0C35-1AC0-4472-8067-82C84BF6AC9A}.Debug|Any CPU.Build.0 = Debug|Any CPU
		{01DB0C35-1AC0-4472-8067-82C84BF6AC9A}.Release|Any CPU.ActiveCfg = Release|Any CPU
		{01DB0C35-1AC0-4472-8067-82C84BF6AC9A}.Release|Any CPU.Build.0 = Release|Any CPU
		{526C6DB2-9D06-40D3-BB18-4693E64AD37F}.Debug|Any CPU.ActiveCfg = Debug|Any CPU
		{526C6DB2-9D06-40D3-BB18-4693E64AD37F}.Debug|Any CPU.Build.0 = Debug|Any CPU
		{526C6DB2-9D06-40D3-BB18-4693E64AD37F}.Release|Any CPU.ActiveCfg = Release|Any CPU
		{526C6DB2-9D06-40D3-BB18-4693E64AD37F}.Release|Any CPU.Build.0 = Release|Any CPU
		{7301EADA-21C3-4D81-B187-547508891423}.Debug|Any CPU.ActiveCfg = Debug|Any CPU
		{7301EADA-21C3-4D81-B187-547508891423}.Debug|Any CPU.Build.0 = Debug|Any CPU
		{7301EADA-21C3-4D81-B187-547508891423}.Release|Any CPU.ActiveCfg = Release|Any CPU
		{7301EADA-21C3-4D81-B187-547508891423}.Release|Any CPU.Build.0 = Release|Any CPU
		{3AD79BCF-4D88-4AD9-81BE-4A1D4C1A2E1B}.Debug|Any CPU.ActiveCfg = Debug|Any CPU
		{3AD79BCF-4D88-4AD9-81BE-4A1D4C1A2E1B}.Debug|Any CPU.Build.0 = Debug|Any CPU
		{3AD79BCF-4D88-4AD9-81BE-4A1D4C1A2E1B}.Release|Any CPU.ActiveCfg = Release|Any CPU
		{3AD79BCF-4D88-4AD9-81BE-4A1D4C1A2E1B}.Release|Any CPU.Build.0 = Release|Any CPU
		{220ADA31-9A0D-48F0-82A6-240A3C6DC627}.Debug|Any CPU.ActiveCfg = Debug|Any CPU
		{220ADA31-9A0D-48F0-82A6-240A3C6DC627}.Debug|Any CPU.Build.0 = Debug|Any CPU
		{220ADA31-9A0D-48F0-82A6-240A3C6DC627}.Release|Any CPU.ActiveCfg = Release|Any CPU
		{220ADA31-9A0D-48F0-82A6-240A3C6DC627}.Release|Any CPU.Build.0 = Release|Any CPU
		{1E8956CA-4B89-4283-8639-D5DE405DD444}.Debug|Any CPU.ActiveCfg = Debug|Any CPU
		{1E8956CA-4B89-4283-8639-D5DE405DD444}.Debug|Any CPU.Build.0 = Debug|Any CPU
		{1E8956CA-4B89-4283-8639-D5DE405DD444}.Release|Any CPU.ActiveCfg = Release|Any CPU
		{1E8956CA-4B89-4283-8639-D5DE405DD444}.Release|Any CPU.Build.0 = Release|Any CPU
		{EACCAD77-4F7F-4309-9C6A-7600E0CCB9B1}.Debug|Any CPU.ActiveCfg = Debug|Any CPU
		{EACCAD77-4F7F-4309-9C6A-7600E0CCB9B1}.Debug|Any CPU.Build.0 = Debug|Any CPU
		{EACCAD77-4F7F-4309-9C6A-7600E0CCB9B1}.Release|Any CPU.ActiveCfg = Release|Any CPU
		{EACCAD77-4F7F-4309-9C6A-7600E0CCB9B1}.Release|Any CPU.Build.0 = Release|Any CPU
		{3EB5980D-91CA-4023-9C1C-61113E174AB8}.Debug|Any CPU.ActiveCfg = Debug|Any CPU
		{3EB5980D-91CA-4023-9C1C-61113E174AB8}.Debug|Any CPU.Build.0 = Debug|Any CPU
		{3EB5980D-91CA-4023-9C1C-61113E174AB8}.Release|Any CPU.ActiveCfg = Release|Any CPU
		{3EB5980D-91CA-4023-9C1C-61113E174AB8}.Release|Any CPU.Build.0 = Release|Any CPU
	EndGlobalSection
EndGlobal
